{
  "name": "mr-reelinator",
  "version": "0.0.1",
  "lockfileVersion": 3,
  "requires": true,
  "packages": {
    "": {
      "name": "mr-reelinator",
      "version": "0.0.1",
      "license": "AGPL-3.0-or-later",
      "workspaces": [
        "apps/client",
        "apps/server"
      ]
    },
    "apps/client": {
      "name": "mr-reelinator-client",
      "version": "0.0.1",
      "license": "AGPL-3.0-or-later"
    },
    "apps/server": {
      "name": "mr-reelinator-server",
      "version": "0.0.1",
      "license": "AGPL-3.0-or-later",
      "devDependencies": {}
    },
    "node_modules/mr-reelinator-client": {
      "resolved": "apps/client",
      "link": true
    },
    "node_modules/mr-reelinator-server": {
      "resolved": "apps/server",
      "link": true
    }
  }
}
